
Microsoft Visual Studio Solution File, Format Version 12.00
# Visual Studio Version 17
VisualStudioVersion = 17.14.36518.9 d17.14
MinimumVisualStudioVersion = 10.0.40219.1
Project("{FAE04EC0-301F-11D3-BF4B-00C04F79EFBC}") = "SnjVoiceChanger", "SnjVoiceChanger\SnjVoiceChanger.csproj", "{CE3F76C5-5ED5-46EC-955E-E31FD9939C81}"
EndProject
Global
	GlobalSection(SolutionConfigurationPlatforms) = preSolution
		Debug|Any CPU = Debug|Any CPU
		Release|Any CPU = Release|Any CPU
	EndGlobalSection
	GlobalSection(ProjectConfigurationPlatforms) = postSolution
		{CE3F76C5-5ED5-46EC-955E-E31FD9939C81}.Debug|Any CPU.ActiveCfg = Debug|Any CPU
		{CE3F76C5-5ED5-46EC-955E-E31FD9939C81}.Debug|Any CPU.Build.0 = Debug|Any CPU
		{CE3F76C5-5ED5-46EC-955E-E31FD9939C81}.Release|Any CPU.ActiveCfg = Release|Any CPU
		{CE3F76C5-5ED5-46EC-955E-E31FD9939C81}.Release|Any CPU.Build.0 = Release|Any CPU
	EndGlobalSection
	GlobalSection(SolutionProperties) = preSolution
		HideSolutionNode = FALSE
	EndGlobalSection
	GlobalSection(ExtensibilityGlobals) = postSolution
		SolutionGuid = {BCEF3AA5-A03B-47EA-A0EA-B992D6E61EEC}
	EndGlobalSection
EndGlobal
